
Microsoft Visual Studio Solution File, Format Version 12.00
# Visual Studio 15
VisualStudioVersion = 15.0.28010.2046
MinimumVisualStudioVersion = 10.0.40219.1
Project("{FAE04EC0-301F-11D3-BF4B-00C04F79EFBC}") = "Sample01", "Sample01\Sample01.csproj", "{43D4D907-B3E6-482E-AAF2-D1EE127AFBA7}"
EndProject
Global
	GlobalSection(SolutionConfigurationPlatforms) = preSolution
		Debug|Any CPU = Debug|Any CPU
		Release|Any CPU = Release|Any CPU
	EndGlobalSection
	GlobalSection(ProjectConfigurationPlatforms) = postSolution
		{43D4D907-B3E6-482E-AAF2-D1EE127AFBA7}.Debug|Any CPU.ActiveCfg = Debug|Any CPU
		{43D4D907-B3E6-482E-AAF2-D1EE127AFBA7}.Debug|Any CPU.Build.0 = Debug|Any CPU
		{43D4D907-B3E6-482E-AAF2-D1EE127AFBA7}.Release|Any CPU.ActiveCfg = Release|Any CPU
		{43D4D907-B3E6-482E-AAF2-D1EE127AFBA7}.Release|Any CPU.Build.0 = Release|Any CPU
	EndGlobalSection
	GlobalSection(SolutionProperties) = preSolution
		HideSolutionNode = FALSE
	EndGlobalSection
	GlobalSection(ExtensibilityGlobals) = postSolution
		SolutionGuid = {5F0E4E32-84DB-4BCD-9C0D-2F190194BC4D}
	EndGlobalSection
EndGlobal
